
Microsoft Visual Studio Solution File, Format Version 12.00
# Visual Studio 15
Project("{FAE04EC0-301F-11D3-BF4B-00C04F79EFBC}") = "Assembly-CSharp", "Assembly-CSharp.csproj", "{F66C843E-4F84-FE8A-4AFF-D9C878102795}"
EndProject
Project("{FAE04EC0-301F-11D3-BF4B-00C04F79EFBC}") = "Assembly-CSharp-Editor", "Assembly-CSharp-Editor.csproj", "{2A1D710F-CBE5-7617-230B-B1F34FF6D60F}"
EndProject
Project("{FAE04EC0-301F-11D3-BF4B-00C04F79EFBC}") = "Assembly-CSharp", "Assembly-CSharp.Player.csproj", "{87A6DFE8-9BD6-C529-EC93-E344EC9AE9C7}"
EndProject
Global
	GlobalSection(SolutionConfigurationPlatforms) = preSolution
		Debug|Any CPU = Debug|Any CPU
		Release|Any CPU = Release|Any CPU
	EndGlobalSection
	GlobalSection(ProjectConfigurationPlatforms) = postSolution
		{F66C843E-4F84-FE8A-4AFF-D9C878102795}.Debug|Any CPU.ActiveCfg = Debug|Any CPU
		{F66C843E-4F84-FE8A-4AFF-D9C878102795}.Debug|Any CPU.Build.0 = Debug|Any CPU
		{F66C843E-4F84-FE8A-4AFF-D9C878102795}.Release|Any CPU.ActiveCfg = Release|Any CPU
		{F66C843E-4F84-FE8A-4AFF-D9C878102795}.Release|Any CPU.Build.0 = Release|Any CPU
		{2A1D710F-CBE5-7617-230B-B1F34FF6D60F}.Debug|Any CPU.ActiveCfg = Debug|Any CPU
		{2A1D710F-CBE5-7617-230B-B1F34FF6D60F}.Debug|Any CPU.Build.0 = Debug|Any CPU
		{2A1D710F-CBE5-7617-230B-B1F34FF6D60F}.Release|Any CPU.ActiveCfg = Release|Any CPU
		{2A1D710F-CBE5-7617-230B-B1F34FF6D60F}.Release|Any CPU.Build.0 = Release|Any CPU
		{87A6DFE8-9BD6-C529-EC93-E344EC9AE9C7}.Debug|Any CPU.ActiveCfg = Debug|Any CPU
		{87A6DFE8-9BD6-C529-EC93-E344EC9AE9C7}.Debug|Any CPU.Build.0 = Debug|Any CPU
		{87A6DFE8-9BD6-C529-EC93-E344EC9AE9C7}.Release|Any CPU.ActiveCfg = Release|Any CPU
		{87A6DFE8-9BD6-C529-EC93-E344EC9AE9C7}.Release|Any CPU.Build.0 = Release|Any CPU
	EndGlobalSection
	GlobalSection(SolutionProperties) = preSolution
		HideSolutionNode = FALSE
	EndGlobalSection
EndGlobal
